
Microsoft Visual Studio Solution File, Format Version 12.00
# Visual Studio Version 17
VisualStudioVersion = 17.8.34112.27
MinimumVisualStudioVersion = 10.0.40219.1
Project("{9A19103F-16F7-4668-BE54-9A1E7A4F7556}") = "Kibana.Alerts", "Kibana.Alerts\Kibana.Alerts.csproj", "{E2B24CCD-DDB1-4970-BCB7-409BE404C835}"
EndProject
Global
	GlobalSection(SolutionConfigurationPlatforms) = preSolution
		Debug|Any CPU = Debug|Any CPU
		Release|Any CPU = Release|Any CPU
	EndGlobalSection
	GlobalSection(ProjectConfigurationPlatforms) = postSolution
		{E2B24CCD-DDB1-4970-BCB7-409BE404C835}.Debug|Any CPU.ActiveCfg = Debug|Any CPU
		{E2B24CCD-DDB1-4970-BCB7-409BE404C835}.Debug|Any CPU.Build.0 = Debug|Any CPU
		{E2B24CCD-DDB1-4970-BCB7-409BE404C835}.Release|Any CPU.ActiveCfg = Release|Any CPU
		{E2B24CCD-DDB1-4970-BCB7-409BE404C835}.Release|Any CPU.Build.0 = Release|Any CPU
	EndGlobalSection
	GlobalSection(SolutionProperties) = preSolution
		HideSolutionNode = FALSE
	EndGlobalSection
	GlobalSection(ExtensibilityGlobals) = postSolution
		SolutionGuid = {583666A3-A2DC-4C26-9834-EFC1F7671218}
	EndGlobalSection
EndGlobal
