
Microsoft Visual Studio Solution File, Format Version 12.00
# Visual Studio Version 17
VisualStudioVersion = 17.8.34112.27
MinimumVisualStudioVersion = 10.0.40219.1
Project("{2150E333-8FDC-42A3-9474-1A3956D46DE8}") = "Solution Items", "Solution Items", "{11AFCFB1-4683-40FC-8910-A6BB5B3B64FA}"
	ProjectSection(SolutionItems) = preProject
		..\.github\workflows\ci.yaml = ..\.github\workflows\ci.yaml
		..\LICENSE = ..\LICENSE
		..\README.md = ..\README.md
		..\.github\workflows\release.yml = ..\.github\workflows\release.yml
		..\.github\workflows\snyk-container.yml = ..\.github\workflows\snyk-container.yml
	EndProjectSection
EndProject
Project("{9A19103F-16F7-4668-BE54-9A1E7A4F7556}") = "Model", "Model\Model.csproj", "{4CF4F1DC-E5CB-43CC-A8E3-60142C2CCE91}"
EndProject
Project("{9A19103F-16F7-4668-BE54-9A1E7A4F7556}") = "Repositories", "Repositories\Repositories.csproj", "{E603BF51-AB46-4128-AC70-AC73410E7367}"
EndProject
Project("{9A19103F-16F7-4668-BE54-9A1E7A4F7556}") = "Connectors.Abstrations", "Connectors.Abstrations\Connectors.Abstrations.csproj", "{EB2C6D5D-BB89-45A7-A94B-59DDAA6AEA8F}"
EndProject
Project("{9A19103F-16F7-4668-BE54-9A1E7A4F7556}") = "Connectors.MsTeams", "Connectors.MsTeams\Connectors.MsTeams.csproj", "{E8EF02C5-9BB7-4AAE-9445-D49587091D95}"
EndProject
Project("{9A19103F-16F7-4668-BE54-9A1E7A4F7556}") = "Connectors.Smtp", "Connectors.Smtp\Connectors.Smtp.csproj", "{D03A3AE0-F0D4-4862-9A11-77B309D48FEC}"
EndProject
Project("{9A19103F-16F7-4668-BE54-9A1E7A4F7556}") = "Worker", "Worker\Worker.csproj", "{A8AD24CC-680B-4802-9C54-7BCD5884BE3F}"
EndProject
Project("{9A19103F-16F7-4668-BE54-9A1E7A4F7556}") = "Worker.Tests", "Worker.Tests\Worker.Tests.csproj", "{79066DDD-E9E3-457C-8359-AEDB4FB9F8F7}"
EndProject
Global
	GlobalSection(SolutionConfigurationPlatforms) = preSolution
		Debug|Any CPU = Debug|Any CPU
		Release|Any CPU = Release|Any CPU
	EndGlobalSection
	GlobalSection(ProjectConfigurationPlatforms) = postSolution
		{4CF4F1DC-E5CB-43CC-A8E3-60142C2CCE91}.Debug|Any CPU.ActiveCfg = Debug|Any CPU
		{4CF4F1DC-E5CB-43CC-A8E3-60142C2CCE91}.Debug|Any CPU.Build.0 = Debug|Any CPU
		{4CF4F1DC-E5CB-43CC-A8E3-60142C2CCE91}.Release|Any CPU.ActiveCfg = Release|Any CPU
		{4CF4F1DC-E5CB-43CC-A8E3-60142C2CCE91}.Release|Any CPU.Build.0 = Release|Any CPU
		{E603BF51-AB46-4128-AC70-AC73410E7367}.Debug|Any CPU.ActiveCfg = Debug|Any CPU
		{E603BF51-AB46-4128-AC70-AC73410E7367}.Debug|Any CPU.Build.0 = Debug|Any CPU
		{E603BF51-AB46-4128-AC70-AC73410E7367}.Release|Any CPU.ActiveCfg = Release|Any CPU
		{E603BF51-AB46-4128-AC70-AC73410E7367}.Release|Any CPU.Build.0 = Release|Any CPU
		{EB2C6D5D-BB89-45A7-A94B-59DDAA6AEA8F}.Debug|Any CPU.ActiveCfg = Debug|Any CPU
		{EB2C6D5D-BB89-45A7-A94B-59DDAA6AEA8F}.Debug|Any CPU.Build.0 = Debug|Any CPU
		{EB2C6D5D-BB89-45A7-A94B-59DDAA6AEA8F}.Release|Any CPU.ActiveCfg = Release|Any CPU
		{EB2C6D5D-BB89-45A7-A94B-59DDAA6AEA8F}.Release|Any CPU.Build.0 = Release|Any CPU
		{E8EF02C5-9BB7-4AAE-9445-D49587091D95}.Debug|Any CPU.ActiveCfg = Debug|Any CPU
		{E8EF02C5-9BB7-4AAE-9445-D49587091D95}.Debug|Any CPU.Build.0 = Debug|Any CPU
		{E8EF02C5-9BB7-4AAE-9445-D49587091D95}.Release|Any CPU.ActiveCfg = Release|Any CPU
		{E8EF02C5-9BB7-4AAE-9445-D49587091D95}.Release|Any CPU.Build.0 = Release|Any CPU
		{D03A3AE0-F0D4-4862-9A11-77B309D48FEC}.Debug|Any CPU.ActiveCfg = Debug|Any CPU
		{D03A3AE0-F0D4-4862-9A11-77B309D48FEC}.Debug|Any CPU.Build.0 = Debug|Any CPU
		{D03A3AE0-F0D4-4862-9A11-77B309D48FEC}.Release|Any CPU.ActiveCfg = Release|Any CPU
		{D03A3AE0-F0D4-4862-9A11-77B309D48FEC}.Release|Any CPU.Build.0 = Release|Any CPU
		{A8AD24CC-680B-4802-9C54-7BCD5884BE3F}.Debug|Any CPU.ActiveCfg = Debug|Any CPU
		{A8AD24CC-680B-4802-9C54-7BCD5884BE3F}.Debug|Any CPU.Build.0 = Debug|Any CPU
		{A8AD24CC-680B-4802-9C54-7BCD5884BE3F}.Release|Any CPU.ActiveCfg = Release|Any CPU
		{A8AD24CC-680B-4802-9C54-7BCD5884BE3F}.Release|Any CPU.Build.0 = Release|Any CPU
		{79066DDD-E9E3-457C-8359-AEDB4FB9F8F7}.Debug|Any CPU.ActiveCfg = Debug|Any CPU
		{79066DDD-E9E3-457C-8359-AEDB4FB9F8F7}.Debug|Any CPU.Build.0 = Debug|Any CPU
		{79066DDD-E9E3-457C-8359-AEDB4FB9F8F7}.Release|Any CPU.ActiveCfg = Release|Any CPU
		{79066DDD-E9E3-457C-8359-AEDB4FB9F8F7}.Release|Any CPU.Build.0 = Release|Any CPU
	EndGlobalSection
	GlobalSection(SolutionProperties) = preSolution
		HideSolutionNode = FALSE
	EndGlobalSection
	GlobalSection(ExtensibilityGlobals) = postSolution
		SolutionGuid = {583666A3-A2DC-4C26-9834-EFC1F7671218}
	EndGlobalSection
EndGlobal
